
Microsoft Visual Studio Solution File, Format Version 12.00
# Visual Studio 15
VisualStudioVersion = 15.0.26014.0
MinimumVisualStudioVersion = 10.0.40219.1
Project("{2150E333-8FDC-42A3-9474-1A3956D46DE8}") = "Shared", "Shared", "{140948E9-135B-4094-ADFA-3FBCAABFF042}"
EndProject
Project("{FAE04EC0-301F-11D3-BF4B-00C04F79EFBC}") = "Xemio.Shared", "src\Shared\Xemio.Shared\Xemio.Shared.csproj", "{524EC1E1-3949-47A2-AB69-2A125660E06B}"
EndProject
Project("{2150E333-8FDC-42A3-9474-1A3956D46DE8}") = "Server", "Server", "{8E240DA3-0DAE-470E-B6DD-3222B1A1250E}"
EndProject
Project("{FAE04EC0-301F-11D3-BF4B-00C04F79EFBC}") = "Xemio.Server.Contracts", "src\Server\Xemio.Server.Contracts\Xemio.Server.Contracts.csproj", "{D0F23D95-F683-45E2-B9F9-C686D1D7B9B9}"
EndProject
Project("{FAE04EC0-301F-11D3-BF4B-00C04F79EFBC}") = "Xemio.Server.Infrastructure", "src\Server\Xemio.Server.Infrastructure\Xemio.Server.Infrastructure.csproj", "{448324E3-08B4-4BEA-9269-0A878B66DA73}"
EndProject
Project("{2150E333-8FDC-42A3-9474-1A3956D46DE8}") = "Hosts", "Hosts", "{A3217A47-262E-4E17-B4D2-0D0F75B29676}"
EndProject
Project("{FAE04EC0-301F-11D3-BF4B-00C04F79EFBC}") = "Xemio.Hosts.AspNetCore", "src\Hosts\Xemio.Hosts.AspNetCore\Xemio.Hosts.AspNetCore.csproj", "{FA92B844-0AF3-4066-9BA6-8E9C44C13EDF}"
EndProject
Project("{2150E333-8FDC-42A3-9474-1A3956D46DE8}") = "src", "src", "{996D357D-CDA9-454E-BDD3-64D22B03689A}"
EndProject
Project("{2150E333-8FDC-42A3-9474-1A3956D46DE8}") = "learn", "learn", "{B593FE14-BF8E-4C05-82BB-BD9F9312A2EB}"
	ProjectSection(SolutionItems) = preProject
		learn\command-line.txt = learn\command-line.txt
		learn\recursive-delete.txt = learn\recursive-delete.txt
		learn\urls.txt = learn\urls.txt
	EndProjectSection
EndProject
Project("{2150E333-8FDC-42A3-9474-1A3956D46DE8}") = "Client", "Client", "{B93D8828-B65D-439D-BF6B-BE564A62E77F}"
EndProject
Project("{FAE04EC0-301F-11D3-BF4B-00C04F79EFBC}") = "Xemio.Client", "src\Client\Xemio.Client\Xemio.Client.csproj", "{1B1667CA-A9A9-4C8C-A0F4-6E30E0F66D41}"
EndProject
Project("{2150E333-8FDC-42A3-9474-1A3956D46DE8}") = "Tests", "Tests", "{52A19BF3-3D36-4182-B8BE-506E717AB619}"
EndProject
Project("{FAE04EC0-301F-11D3-BF4B-00C04F79EFBC}") = "Xemio.Client.Tests", "src\Tests\Xemio.Client.Tests\Xemio.Client.Tests.csproj", "{42802AFF-EA80-40E1-B2FF-AA52EADB62E4}"
EndProject
Project("{FAE04EC0-301F-11D3-BF4B-00C04F79EFBC}") = "Xemio.Tests.Console", "src\Tests\Xemio.Tests.Console\Xemio.Tests.Console.csproj", "{943F47E1-4A73-45FA-BDAA-BF56D12B226A}"
EndProject
Project("{2150E333-8FDC-42A3-9474-1A3956D46DE8}") = "Apps", "Apps", "{3B0340FA-B380-4BDD-883B-5124EF0D274C}"
EndProject
Project("{FAE04EC0-301F-11D3-BF4B-00C04F79EFBC}") = "Xemio.Apps.Windows", "src\Apps\Xemio.Apps.Windows\Xemio.Apps.Windows.csproj", "{7EAA0685-AFAC-4262-B61D-4DA692AFFCC7}"
EndProject
Global
	GlobalSection(SolutionConfigurationPlatforms) = preSolution
		Debug|Any CPU = Debug|Any CPU
		Debug|ARM = Debug|ARM
		Debug|x64 = Debug|x64
		Debug|x86 = Debug|x86
		Release|Any CPU = Release|Any CPU
		Release|ARM = Release|ARM
		Release|x64 = Release|x64
		Release|x86 = Release|x86
	EndGlobalSection
	GlobalSection(ProjectConfigurationPlatforms) = postSolution
		{524EC1E1-3949-47A2-AB69-2A125660E06B}.Debug|Any CPU.ActiveCfg = Debug|Any CPU
		{524EC1E1-3949-47A2-AB69-2A125660E06B}.Debug|Any CPU.Build.0 = Debug|Any CPU
		{524EC1E1-3949-47A2-AB69-2A125660E06B}.Debug|ARM.ActiveCfg = Debug|Any CPU
		{524EC1E1-3949-47A2-AB69-2A125660E06B}.Debug|ARM.Build.0 = Debug|Any CPU
		{524EC1E1-3949-47A2-AB69-2A125660E06B}.Debug|x64.ActiveCfg = Debug|x64
		{524EC1E1-3949-47A2-AB69-2A125660E06B}.Debug|x64.Build.0 = Debug|x64
		{524EC1E1-3949-47A2-AB69-2A125660E06B}.Debug|x86.ActiveCfg = Debug|x86
		{524EC1E1-3949-47A2-AB69-2A125660E06B}.Debug|x86.Build.0 = Debug|x86
		{524EC1E1-3949-47A2-AB69-2A125660E06B}.Release|Any CPU.ActiveCfg = Release|Any CPU
		{524EC1E1-3949-47A2-AB69-2A125660E06B}.Release|Any CPU.Build.0 = Release|Any CPU
		{524EC1E1-3949-47A2-AB69-2A125660E06B}.Release|ARM.ActiveCfg = Release|Any CPU
		{524EC1E1-3949-47A2-AB69-2A125660E06B}.Release|ARM.Build.0 = Release|Any CPU
		{524EC1E1-3949-47A2-AB69-2A125660E06B}.Release|x64.ActiveCfg = Release|x64
		{524EC1E1-3949-47A2-AB69-2A125660E06B}.Release|x64.Build.0 = Release|x64
		{524EC1E1-3949-47A2-AB69-2A125660E06B}.Release|x86.ActiveCfg = Release|x86
		{524EC1E1-3949-47A2-AB69-2A125660E06B}.Release|x86.Build.0 = Release|x86
		{D0F23D95-F683-45E2-B9F9-C686D1D7B9B9}.Debug|Any CPU.ActiveCfg = Debug|Any CPU
		{D0F23D95-F683-45E2-B9F9-C686D1D7B9B9}.Debug|Any CPU.Build.0 = Debug|Any CPU
		{D0F23D95-F683-45E2-B9F9-C686D1D7B9B9}.Debug|ARM.ActiveCfg = Debug|Any CPU
		{D0F23D95-F683-45E2-B9F9-C686D1D7B9B9}.Debug|ARM.Build.0 = Debug|Any CPU
		{D0F23D95-F683-45E2-B9F9-C686D1D7B9B9}.Debug|x64.ActiveCfg = Debug|x64
		{D0F23D95-F683-45E2-B9F9-C686D1D7B9B9}.Debug|x64.Build.0 = Debug|x64
		{D0F23D95-F683-45E2-B9F9-C686D1D7B9B9}.Debug|x86.ActiveCfg = Debug|x86
		{D0F23D95-F683-45E2-B9F9-C686D1D7B9B9}.Debug|x86.Build.0 = Debug|x86
		{D0F23D95-F683-45E2-B9F9-C686D1D7B9B9}.Release|Any CPU.ActiveCfg = Release|Any CPU
		{D0F23D95-F683-45E2-B9F9-C686D1D7B9B9}.Release|Any CPU.Build.0 = Release|Any CPU
		{D0F23D95-F683-45E2-B9F9-C686D1D7B9B9}.Release|ARM.ActiveCfg = Release|Any CPU
		{D0F23D95-F683-45E2-B9F9-C686D1D7B9B9}.Release|ARM.Build.0 = Release|Any CPU
		{D0F23D95-F683-45E2-B9F9-C686D1D7B9B9}.Release|x64.ActiveCfg = Release|x64
		{D0F23D95-F683-45E2-B9F9-C686D1D7B9B9}.Release|x64.Build.0 = Release|x64
		{D0F23D95-F683-45E2-B9F9-C686D1D7B9B9}.Release|x86.ActiveCfg = Release|x86
		{D0F23D95-F683-45E2-B9F9-C686D1D7B9B9}.Release|x86.Build.0 = Release|x86
		{448324E3-08B4-4BEA-9269-0A878B66DA73}.Debug|Any CPU.ActiveCfg = Debug|Any CPU
		{448324E3-08B4-4BEA-9269-0A878B66DA73}.Debug|Any CPU.Build.0 = Debug|Any CPU
		{448324E3-08B4-4BEA-9269-0A878B66DA73}.Debug|ARM.ActiveCfg = Debug|Any CPU
		{448324E3-08B4-4BEA-9269-0A878B66DA73}.Debug|ARM.Build.0 = Debug|Any CPU
		{448324E3-08B4-4BEA-9269-0A878B66DA73}.Debug|x64.ActiveCfg = Debug|x64
		{448324E3-08B4-4BEA-9269-0A878B66DA73}.Debug|x64.Build.0 = Debug|x64
		{448324E3-08B4-4BEA-9269-0A878B66DA73}.Debug|x86.ActiveCfg = Debug|x86
		{448324E3-08B4-4BEA-9269-0A878B66DA73}.Debug|x86.Build.0 = Debug|x86
		{448324E3-08B4-4BEA-9269-0A878B66DA73}.Release|Any CPU.ActiveCfg = Release|Any CPU
		{448324E3-08B4-4BEA-9269-0A878B66DA73}.Release|Any CPU.Build.0 = Release|Any CPU
		{448324E3-08B4-4BEA-9269-0A878B66DA73}.Release|ARM.ActiveCfg = Release|Any CPU
		{448324E3-08B4-4BEA-9269-0A878B66DA73}.Release|ARM.Build.0 = Release|Any CPU
		{448324E3-08B4-4BEA-9269-0A878B66DA73}.Release|x64.ActiveCfg = Release|x64
		{448324E3-08B4-4BEA-9269-0A878B66DA73}.Release|x64.Build.0 = Release|x64
		{448324E3-08B4-4BEA-9269-0A878B66DA73}.Release|x86.ActiveCfg = Release|x86
		{448324E3-08B4-4BEA-9269-0A878B66DA73}.Release|x86.Build.0 = Release|x86
		{FA92B844-0AF3-4066-9BA6-8E9C44C13EDF}.Debug|Any CPU.ActiveCfg = Debug|Any CPU
		{FA92B844-0AF3-4066-9BA6-8E9C44C13EDF}.Debug|Any CPU.Build.0 = Debug|Any CPU
		{FA92B844-0AF3-4066-9BA6-8E9C44C13EDF}.Debug|ARM.ActiveCfg = Debug|Any CPU
		{FA92B844-0AF3-4066-9BA6-8E9C44C13EDF}.Debug|ARM.Build.0 = Debug|Any CPU
		{FA92B844-0AF3-4066-9BA6-8E9C44C13EDF}.Debug|x64.ActiveCfg = Debug|x64
		{FA92B844-0AF3-4066-9BA6-8E9C44C13EDF}.Debug|x64.Build.0 = Debug|x64
		{FA92B844-0AF3-4066-9BA6-8E9C44C13EDF}.Debug|x86.ActiveCfg = Debug|x86
		{FA92B844-0AF3-4066-9BA6-8E9C44C13EDF}.Debug|x86.Build.0 = Debug|x86
		{FA92B844-0AF3-4066-9BA6-8E9C44C13EDF}.Release|Any CPU.ActiveCfg = Release|Any CPU
		{FA92B844-0AF3-4066-9BA6-8E9C44C13EDF}.Release|Any CPU.Build.0 = Release|Any CPU
		{FA92B844-0AF3-4066-9BA6-8E9C44C13EDF}.Release|ARM.ActiveCfg = Release|Any CPU
		{FA92B844-0AF3-4066-9BA6-8E9C44C13EDF}.Release|ARM.Build.0 = Release|Any CPU
		{FA92B844-0AF3-4066-9BA6-8E9C44C13EDF}.Release|x64.ActiveCfg = Release|x64
		{FA92B844-0AF3-4066-9BA6-8E9C44C13EDF}.Release|x64.Build.0 = Release|x64
		{FA92B844-0AF3-4066-9BA6-8E9C44C13EDF}.Release|x86.ActiveCfg = Release|x86
		{FA92B844-0AF3-4066-9BA6-8E9C44C13EDF}.Release|x86.Build.0 = Release|x86
		{1B1667CA-A9A9-4C8C-A0F4-6E30E0F66D41}.Debug|Any CPU.ActiveCfg = Debug|Any CPU
		{1B1667CA-A9A9-4C8C-A0F4-6E30E0F66D41}.Debug|Any CPU.Build.0 = Debug|Any CPU
		{1B1667CA-A9A9-4C8C-A0F4-6E30E0F66D41}.Debug|ARM.ActiveCfg = Debug|Any CPU
		{1B1667CA-A9A9-4C8C-A0F4-6E30E0F66D41}.Debug|ARM.Build.0 = Debug|Any CPU
		{1B1667CA-A9A9-4C8C-A0F4-6E30E0F66D41}.Debug|x64.ActiveCfg = Debug|x64
		{1B1667CA-A9A9-4C8C-A0F4-6E30E0F66D41}.Debug|x64.Build.0 = Debug|x64
		{1B1667CA-A9A9-4C8C-A0F4-6E30E0F66D41}.Debug|x86.ActiveCfg = Debug|x86
		{1B1667CA-A9A9-4C8C-A0F4-6E30E0F66D41}.Debug|x86.Build.0 = Debug|x86
		{1B1667CA-A9A9-4C8C-A0F4-6E30E0F66D41}.Release|Any CPU.ActiveCfg = Release|Any CPU
		{1B1667CA-A9A9-4C8C-A0F4-6E30E0F66D41}.Release|Any CPU.Build.0 = Release|Any CPU
		{1B1667CA-A9A9-4C8C-A0F4-6E30E0F66D41}.Release|ARM.ActiveCfg = Release|Any CPU
		{1B1667CA-A9A9-4C8C-A0F4-6E30E0F66D41}.Release|ARM.Build.0 = Release|Any CPU
		{1B1667CA-A9A9-4C8C-A0F4-6E30E0F66D41}.Release|x64.ActiveCfg = Release|x64
		{1B1667CA-A9A9-4C8C-A0F4-6E30E0F66D41}.Release|x64.Build.0 = Release|x64
		{1B1667CA-A9A9-4C8C-A0F4-6E30E0F66D41}.Release|x86.ActiveCfg = Release|x86
		{1B1667CA-A9A9-4C8C-A0F4-6E30E0F66D41}.Release|x86.Build.0 = Release|x86
		{42802AFF-EA80-40E1-B2FF-AA52EADB62E4}.Debug|Any CPU.ActiveCfg = Debug|Any CPU
		{42802AFF-EA80-40E1-B2FF-AA52EADB62E4}.Debug|Any CPU.Build.0 = Debug|Any CPU
		{42802AFF-EA80-40E1-B2FF-AA52EADB62E4}.Debug|ARM.ActiveCfg = Debug|Any CPU
		{42802AFF-EA80-40E1-B2FF-AA52EADB62E4}.Debug|ARM.Build.0 = Debug|Any CPU
		{42802AFF-EA80-40E1-B2FF-AA52EADB62E4}.Debug|x64.ActiveCfg = Debug|x64
		{42802AFF-EA80-40E1-B2FF-AA52EADB62E4}.Debug|x64.Build.0 = Debug|x64
		{42802AFF-EA80-40E1-B2FF-AA52EADB62E4}.Debug|x86.ActiveCfg = Debug|x86
		{42802AFF-EA80-40E1-B2FF-AA52EADB62E4}.Debug|x86.Build.0 = Debug|x86
		{42802AFF-EA80-40E1-B2FF-AA52EADB62E4}.Release|Any CPU.ActiveCfg = Release|Any CPU
		{42802AFF-EA80-40E1-B2FF-AA52EADB62E4}.Release|Any CPU.Build.0 = Release|Any CPU
		{42802AFF-EA80-40E1-B2FF-AA52EADB62E4}.Release|ARM.ActiveCfg = Release|Any CPU
		{42802AFF-EA80-40E1-B2FF-AA52EADB62E4}.Release|ARM.Build.0 = Release|Any CPU
		{42802AFF-EA80-40E1-B2FF-AA52EADB62E4}.Release|x64.ActiveCfg = Release|x64
		{42802AFF-EA80-40E1-B2FF-AA52EADB62E4}.Release|x64.Build.0 = Release|x64
		{42802AFF-EA80-40E1-B2FF-AA52EADB62E4}.Release|x86.ActiveCfg = Release|x86
		{42802AFF-EA80-40E1-B2FF-AA52EADB62E4}.Release|x86.Build.0 = Release|x86
		{943F47E1-4A73-45FA-BDAA-BF56D12B226A}.Debug|Any CPU.ActiveCfg = Debug|Any CPU
		{943F47E1-4A73-45FA-BDAA-BF56D12B226A}.Debug|Any CPU.Build.0 = Debug|Any CPU
		{943F47E1-4A73-45FA-BDAA-BF56D12B226A}.Debug|ARM.ActiveCfg = Debug|Any CPU
		{943F47E1-4A73-45FA-BDAA-BF56D12B226A}.Debug|ARM.Build.0 = Debug|Any CPU
		{943F47E1-4A73-45FA-BDAA-BF56D12B226A}.Debug|x64.ActiveCfg = Debug|x64
		{943F47E1-4A73-45FA-BDAA-BF56D12B226A}.Debug|x64.Build.0 = Debug|x64
		{943F47E1-4A73-45FA-BDAA-BF56D12B226A}.Debug|x86.ActiveCfg = Debug|x86
		{943F47E1-4A73-45FA-BDAA-BF56D12B226A}.Debug|x86.Build.0 = Debug|x86
		{943F47E1-4A73-45FA-BDAA-BF56D12B226A}.Release|Any CPU.ActiveCfg = Release|Any CPU
		{943F47E1-4A73-45FA-BDAA-BF56D12B226A}.Release|Any CPU.Build.0 = Release|Any CPU
		{943F47E1-4A73-45FA-BDAA-BF56D12B226A}.Release|ARM.ActiveCfg = Release|Any CPU
		{943F47E1-4A73-45FA-BDAA-BF56D12B226A}.Release|ARM.Build.0 = Release|Any CPU
		{943F47E1-4A73-45FA-BDAA-BF56D12B226A}.Release|x64.ActiveCfg = Release|x64
		{943F47E1-4A73-45FA-BDAA-BF56D12B226A}.Release|x64.Build.0 = Release|x64
		{943F47E1-4A73-45FA-BDAA-BF56D12B226A}.Release|x86.ActiveCfg = Release|x86
		{943F47E1-4A73-45FA-BDAA-BF56D12B226A}.Release|x86.Build.0 = Release|x86
		{7EAA0685-AFAC-4262-B61D-4DA692AFFCC7}.Debug|Any CPU.ActiveCfg = Debug|x86
		{7EAA0685-AFAC-4262-B61D-4DA692AFFCC7}.Debug|Any CPU.Build.0 = Debug|x86
		{7EAA0685-AFAC-4262-B61D-4DA692AFFCC7}.Debug|Any CPU.Deploy.0 = Debug|x86
		{7EAA0685-AFAC-4262-B61D-4DA692AFFCC7}.Debug|ARM.ActiveCfg = Debug|ARM
		{7EAA0685-AFAC-4262-B61D-4DA692AFFCC7}.Debug|ARM.Build.0 = Debug|ARM
		{7EAA0685-AFAC-4262-B61D-4DA692AFFCC7}.Debug|ARM.Deploy.0 = Debug|ARM
		{7EAA0685-AFAC-4262-B61D-4DA692AFFCC7}.Debug|x64.ActiveCfg = Debug|x64
		{7EAA0685-AFAC-4262-B61D-4DA692AFFCC7}.Debug|x64.Build.0 = Debug|x64
		{7EAA0685-AFAC-4262-B61D-4DA692AFFCC7}.Debug|x64.Deploy.0 = Debug|x64
		{7EAA0685-AFAC-4262-B61D-4DA692AFFCC7}.Debug|x86.ActiveCfg = Debug|x86
		{7EAA0685-AFAC-4262-B61D-4DA692AFFCC7}.Debug|x86.Build.0 = Debug|x86
		{7EAA0685-AFAC-4262-B61D-4DA692AFFCC7}.Debug|x86.Deploy.0 = Debug|x86
		{7EAA0685-AFAC-4262-B61D-4DA692AFFCC7}.Release|Any CPU.ActiveCfg = Release|x86
		{7EAA0685-AFAC-4262-B61D-4DA692AFFCC7}.Release|ARM.ActiveCfg = Release|ARM
		{7EAA0685-AFAC-4262-B61D-4DA692AFFCC7}.Release|ARM.Build.0 = Release|ARM
		{7EAA0685-AFAC-4262-B61D-4DA692AFFCC7}.Release|ARM.Deploy.0 = Release|ARM
		{7EAA0685-AFAC-4262-B61D-4DA692AFFCC7}.Release|x64.ActiveCfg = Release|x64
		{7EAA0685-AFAC-4262-B61D-4DA692AFFCC7}.Release|x64.Build.0 = Release|x64
		{7EAA0685-AFAC-4262-B61D-4DA692AFFCC7}.Release|x64.Deploy.0 = Release|x64
		{7EAA0685-AFAC-4262-B61D-4DA692AFFCC7}.Release|x86.ActiveCfg = Release|x86
		{7EAA0685-AFAC-4262-B61D-4DA692AFFCC7}.Release|x86.Build.0 = Release|x86
		{7EAA0685-AFAC-4262-B61D-4DA692AFFCC7}.Release|x86.Deploy.0 = Release|x86
	EndGlobalSection
	GlobalSection(SolutionProperties) = preSolution
		HideSolutionNode = FALSE
	EndGlobalSection
	GlobalSection(NestedProjects) = preSolution
		{140948E9-135B-4094-ADFA-3FBCAABFF042} = {996D357D-CDA9-454E-BDD3-64D22B03689A}
		{524EC1E1-3949-47A2-AB69-2A125660E06B} = {140948E9-135B-4094-ADFA-3FBCAABFF042}
		{8E240DA3-0DAE-470E-B6DD-3222B1A1250E} = {996D357D-CDA9-454E-BDD3-64D22B03689A}
		{D0F23D95-F683-45E2-B9F9-C686D1D7B9B9} = {8E240DA3-0DAE-470E-B6DD-3222B1A1250E}
		{448324E3-08B4-4BEA-9269-0A878B66DA73} = {8E240DA3-0DAE-470E-B6DD-3222B1A1250E}
		{A3217A47-262E-4E17-B4D2-0D0F75B29676} = {996D357D-CDA9-454E-BDD3-64D22B03689A}
		{FA92B844-0AF3-4066-9BA6-8E9C44C13EDF} = {A3217A47-262E-4E17-B4D2-0D0F75B29676}
		{B93D8828-B65D-439D-BF6B-BE564A62E77F} = {996D357D-CDA9-454E-BDD3-64D22B03689A}
		{1B1667CA-A9A9-4C8C-A0F4-6E30E0F66D41} = {B93D8828-B65D-439D-BF6B-BE564A62E77F}
		{52A19BF3-3D36-4182-B8BE-506E717AB619} = {996D357D-CDA9-454E-BDD3-64D22B03689A}
		{42802AFF-EA80-40E1-B2FF-AA52EADB62E4} = {52A19BF3-3D36-4182-B8BE-506E717AB619}
		{943F47E1-4A73-45FA-BDAA-BF56D12B226A} = {52A19BF3-3D36-4182-B8BE-506E717AB619}
		{3B0340FA-B380-4BDD-883B-5124EF0D274C} = {996D357D-CDA9-454E-BDD3-64D22B03689A}
		{7EAA0685-AFAC-4262-B61D-4DA692AFFCC7} = {3B0340FA-B380-4BDD-883B-5124EF0D274C}
	EndGlobalSection
EndGlobal
